
Microsoft Visual Studio Solution File, Format Version 12.00
# Visual Studio Version 16
VisualStudioVersion = 16.0.33927.289
MinimumVisualStudioVersion = 10.0.40219.1
Project("{FAE04EC0-301F-11D3-BF4B-00C04F79EFBC}") = "Liba", "Liba\Liba.csproj", "{9799F8DD-9E5A-4963-B002-831EE37D5B4C}"
EndProject
Global
	GlobalSection(SolutionConfigurationPlatforms) = preSolution
		Debug|Any CPU = Debug|Any CPU
		Release|Any CPU = Release|Any CPU
	EndGlobalSection
	GlobalSection(ProjectConfigurationPlatforms) = postSolution
		{9799F8DD-9E5A-4963-B002-831EE37D5B4C}.Debug|Any CPU.ActiveCfg = Debug|Any CPU
		{9799F8DD-9E5A-4963-B002-831EE37D5B4C}.Debug|Any CPU.Build.0 = Debug|Any CPU
		{9799F8DD-9E5A-4963-B002-831EE37D5B4C}.Release|Any CPU.ActiveCfg = Release|Any CPU
		{9799F8DD-9E5A-4963-B002-831EE37D5B4C}.Release|Any CPU.Build.0 = Release|Any CPU
	EndGlobalSection
	GlobalSection(SolutionProperties) = preSolution
		HideSolutionNode = FALSE
	EndGlobalSection
	GlobalSection(ExtensibilityGlobals) = postSolution
		SolutionGuid = {BA5C2EA4-43B6-4E49-A3C8-C92EDAD53F86}
	EndGlobalSection
EndGlobal
